
Microsoft Visual Studio Solution File, Format Version 12.00
# Visual Studio Version 16
VisualStudioVersion = 16.0.29215.179
MinimumVisualStudioVersion = 10.0.40219.1
Project("{FAE04EC0-301F-11D3-BF4B-00C04F79EFBC}") = "PersonAPI", "PersonAPI\PersonAPI.csproj", "{DA777C77-6580-4A5C-842E-9E16E0A3156D}"
EndProject
Project("{FAE04EC0-301F-11D3-BF4B-00C04F79EFBC}") = "PersonAPI.Tests", "PersonAPI.Tests\PersonAPI.Tests.csproj", "{4A9DE1F2-59AC-4F86-B30F-4D761EDEE142}"
EndProject
Global
	GlobalSection(SolutionConfigurationPlatforms) = preSolution
		Debug|Any CPU = Debug|Any CPU
		Release|Any CPU = Release|Any CPU
	EndGlobalSection
	GlobalSection(ProjectConfigurationPlatforms) = postSolution
		{DA777C77-6580-4A5C-842E-9E16E0A3156D}.Debug|Any CPU.ActiveCfg = Debug|Any CPU
		{DA777C77-6580-4A5C-842E-9E16E0A3156D}.Debug|Any CPU.Build.0 = Debug|Any CPU
		{DA777C77-6580-4A5C-842E-9E16E0A3156D}.Release|Any CPU.ActiveCfg = Release|Any CPU
		{DA777C77-6580-4A5C-842E-9E16E0A3156D}.Release|Any CPU.Build.0 = Release|Any CPU
		{4A9DE1F2-59AC-4F86-B30F-4D761EDEE142}.Debug|Any CPU.ActiveCfg = Debug|Any CPU
		{4A9DE1F2-59AC-4F86-B30F-4D761EDEE142}.Debug|Any CPU.Build.0 = Debug|Any CPU
		{4A9DE1F2-59AC-4F86-B30F-4D761EDEE142}.Release|Any CPU.ActiveCfg = Release|Any CPU
		{4A9DE1F2-59AC-4F86-B30F-4D761EDEE142}.Release|Any CPU.Build.0 = Release|Any CPU
	EndGlobalSection
	GlobalSection(SolutionProperties) = preSolution
		HideSolutionNode = FALSE
	EndGlobalSection
	GlobalSection(ExtensibilityGlobals) = postSolution
		SolutionGuid = {8290E034-59D0-4CA7-9418-7CD199C6C934}
	EndGlobalSection
EndGlobal
